dependencies:
- name: mariadb-operator
  repository: https://mariadb-operator.github.io/mariadb-operator
  version: 0.34.0
- name: keda
  repository: https://kedacore.github.io/charts
  version: 2.16.1
- name: ingress-nginx
  repository: https://kubernetes.github.io/ingress-nginx
  version: 4.15.1
- name: cert-manager
  repository: https://charts.jetstack.io
  version: v1.21.2
- name: nfs-provisioner
  repository: https://openebs-archive.github.io/dynamic-nfs-provisioner
  version: 0.11.0
digest: sha256:efb9fa3682adbc11e456a798c315bcbdd9f8d4e022522017cf5084682392267f
generated: "2026-09-20T20:11:39.679181+10:00"
