dependencies:
- name: mariadb-operator
  repository: https://mariadb-operator.github.io/mariadb-operator
  version: 0.34.0
- name: keda
  repository: https://kedacore.github.io/charts
  version: 2.16.1
- name: ingress-nginx
  repository: https://kubernetes.github.io/ingress-nginx
  version: 4.15.1
- name: cert-manager
  repository: https://charts.jetstack.io
  version: v1.21.2
digest: sha256:bf2f2bfddcec878a11e3041fbad3dd0bd4b228d6960b6a67a3550bf8661536bf
generated: "2026-09-13T07:05:47.453339+10:00"
